
Microsoft Visual Studio Solution File, Format Version 12.00
Project("{FAE04EC0-301F-11D3-BF4B-00C04F79EFBC}") = "OnboardingPlatform", "OnboardingPlatform\OnboardingPlatform.csproj", "{FB3E1FA7-0815-4AB9-B197-5660FC4E405D}"
EndProject
Project("{FAE04EC0-301F-11D3-BF4B-00C04F79EFBC}") = "Domain", "Domain\Domain.csproj", "{EA298D05-7CCB-4FC0-B406-6BBE3DD736AF}"
EndProject
Project("{FAE04EC0-301F-11D3-BF4B-00C04F79EFBC}") = "Application", "Application\Application.csproj", "{5F658397-29EE-4C8D-A944-85C008D988B4}"
EndProject
Project("{FAE04EC0-301F-11D3-BF4B-00C04F79EFBC}") = "Infrastructure", "Infrastructure\Infrastructure.csproj", "{000F31E7-21CC-4B80-80BE-117616BB9FD1}"
EndProject
Global
	GlobalSection(SolutionConfigurationPlatforms) = preSolution
		Debug|Any CPU = Debug|Any CPU
		Release|Any CPU = Release|Any CPU
	EndGlobalSection
	GlobalSection(ProjectConfigurationPlatforms) = postSolution
		{FB3E1FA7-0815-4AB9-B197-5660FC4E405D}.Debug|Any CPU.ActiveCfg = Debug|Any CPU
		{FB3E1FA7-0815-4AB9-B197-5660FC4E405D}.Debug|Any CPU.Build.0 = Debug|Any CPU
		{FB3E1FA7-0815-4AB9-B197-5660FC4E405D}.Release|Any CPU.ActiveCfg = Release|Any CPU
		{FB3E1FA7-0815-4AB9-B197-5660FC4E405D}.Release|Any CPU.Build.0 = Release|Any CPU
		{EA298D05-7CCB-4FC0-B406-6BBE3DD736AF}.Debug|Any CPU.ActiveCfg = Debug|Any CPU
		{EA298D05-7CCB-4FC0-B406-6BBE3DD736AF}.Debug|Any CPU.Build.0 = Debug|Any CPU
		{EA298D05-7CCB-4FC0-B406-6BBE3DD736AF}.Release|Any CPU.ActiveCfg = Release|Any CPU
		{EA298D05-7CCB-4FC0-B406-6BBE3DD736AF}.Release|Any CPU.Build.0 = Release|Any CPU
		{5F658397-29EE-4C8D-A944-85C008D988B4}.Debug|Any CPU.ActiveCfg = Debug|Any CPU
		{5F658397-29EE-4C8D-A944-85C008D988B4}.Debug|Any CPU.Build.0 = Debug|Any CPU
		{5F658397-29EE-4C8D-A944-85C008D988B4}.Release|Any CPU.ActiveCfg = Release|Any CPU
		{5F658397-29EE-4C8D-A944-85C008D988B4}.Release|Any CPU.Build.0 = Release|Any CPU
		{000F31E7-21CC-4B80-80BE-117616BB9FD1}.Debug|Any CPU.ActiveCfg = Debug|Any CPU
		{000F31E7-21CC-4B80-80BE-117616BB9FD1}.Debug|Any CPU.Build.0 = Debug|Any CPU
		{000F31E7-21CC-4B80-80BE-117616BB9FD1}.Release|Any CPU.ActiveCfg = Release|Any CPU
		{000F31E7-21CC-4B80-80BE-117616BB9FD1}.Release|Any CPU.Build.0 = Release|Any CPU
	EndGlobalSection
EndGlobal
